
Microsoft Visual Studio Solution File, Format Version 12.00
# Visual Studio 15
VisualStudioVersion = 15.0.28306.52
MinimumVisualStudioVersion = 10.0.40219.1
Project("{FAE04EC0-301F-11D3-BF4B-00C04F79EFBC}") = "PrincessGame", "PrincessGame\PrincessGame.csproj", "{67F3BCEA-4346-4782-8D6D-F9876FE6131A}"
EndProject
Global
	GlobalSection(SolutionConfigurationPlatforms) = preSolution
		Debug|Any CPU = Debug|Any CPU
		Release|Any CPU = Release|Any CPU
	EndGlobalSection
	GlobalSection(ProjectConfigurationPlatforms) = postSolution
		{67F3BCEA-4346-4782-8D6D-F9876FE6131A}.Debug|Any CPU.ActiveCfg = Debug|Any CPU
		{67F3BCEA-4346-4782-8D6D-F9876FE6131A}.Debug|Any CPU.Build.0 = Debug|Any CPU
		{67F3BCEA-4346-4782-8D6D-F9876FE6131A}.Release|Any CPU.ActiveCfg = Release|Any CPU
		{67F3BCEA-4346-4782-8D6D-F9876FE6131A}.Release|Any CPU.Build.0 = Release|Any CPU
	EndGlobalSection
	GlobalSection(SolutionProperties) = preSolution
		HideSolutionNode = FALSE
	EndGlobalSection
	GlobalSection(ExtensibilityGlobals) = postSolution
		SolutionGuid = {D54CED0C-2293-4B44-97B7-7685E2E7AC75}
	EndGlobalSection
EndGlobal
